
Microsoft Visual Studio Solution File, Format Version 12.00
# Blend for Visual Studio Version 16
VisualStudioVersion = 16.0.29215.179
MinimumVisualStudioVersion = 10.0.40219.1
Project("{FAE04EC0-301F-11D3-BF4B-00C04F79EFBC}") = "Settings Gui 2", "Settings Gui 2.csproj", "{35D98948-BA8F-4DD3-AC86-F3E4E74ECA60}"
EndProject
Global
	GlobalSection(SolutionConfigurationPlatforms) = preSolution
		Debug|Any CPU = Debug|Any CPU
		Release|Any CPU = Release|Any CPU
	EndGlobalSection
	GlobalSection(ProjectConfigurationPlatforms) = postSolution
		{35D98948-BA8F-4DD3-AC86-F3E4E74ECA60}.Debug|Any CPU.ActiveCfg = Debug|Any CPU
		{35D98948-BA8F-4DD3-AC86-F3E4E74ECA60}.Debug|Any CPU.Build.0 = Debug|Any CPU
		{35D98948-BA8F-4DD3-AC86-F3E4E74ECA60}.Release|Any CPU.ActiveCfg = Release|Any CPU
		{35D98948-BA8F-4DD3-AC86-F3E4E74ECA60}.Release|Any CPU.Build.0 = Release|Any CPU
	EndGlobalSection
	GlobalSection(SolutionProperties) = preSolution
		HideSolutionNode = FALSE
	EndGlobalSection
	GlobalSection(ExtensibilityGlobals) = postSolution
		SolutionGuid = {35CDCABD-3424-469B-9E65-53BF23C3DFD5}
	EndGlobalSection
EndGlobal
